
Microsoft Visual Studio Solution File, Format Version 12.00
# Visual Studio Version 17
VisualStudioVersion = 17.12.35707.178 d17.12
MinimumVisualStudioVersion = 10.0.40219.1
Project("{FAE04EC0-301F-11D3-BF4B-00C04F79EFBC}") = "Server", "Server\Server.csproj", "{04710204-3A87-4584-B066-B524585D2749}"
EndProject
Project("{FAE04EC0-301F-11D3-BF4B-00C04F79EFBC}") = "Client", "Client\Client.csproj", "{33F5624B-5ACF-493E-84A6-7E9283CE0919}"
EndProject
Global
	GlobalSection(SolutionConfigurationPlatforms) = preSolution
		Debug|Any CPU = Debug|Any CPU
		Release|Any CPU = Release|Any CPU
	EndGlobalSection
	GlobalSection(ProjectConfigurationPlatforms) = postSolution
		{04710204-3A87-4584-B066-B524585D2749}.Debug|Any CPU.ActiveCfg = Debug|Any CPU
		{04710204-3A87-4584-B066-B524585D2749}.Debug|Any CPU.Build.0 = Debug|Any CPU
		{04710204-3A87-4584-B066-B524585D2749}.Release|Any CPU.ActiveCfg = Release|Any CPU
		{04710204-3A87-4584-B066-B524585D2749}.Release|Any CPU.Build.0 = Release|Any CPU
		{33F5624B-5ACF-493E-84A6-7E9283CE0919}.Debug|Any CPU.ActiveCfg = Debug|Any CPU
		{33F5624B-5ACF-493E-84A6-7E9283CE0919}.Debug|Any CPU.Build.0 = Debug|Any CPU
		{33F5624B-5ACF-493E-84A6-7E9283CE0919}.Release|Any CPU.ActiveCfg = Release|Any CPU
		{33F5624B-5ACF-493E-84A6-7E9283CE0919}.Release|Any CPU.Build.0 = Release|Any CPU
	EndGlobalSection
	GlobalSection(SolutionProperties) = preSolution
		HideSolutionNode = FALSE
	EndGlobalSection
EndGlobal
