
Microsoft Visual Studio Solution File, Format Version 12.00
# Visual Studio Version 17
VisualStudioVersion = 17.13.35913.81 d17.13
MinimumVisualStudioVersion = 10.0.40219.1
Project("{FAE04EC0-301F-11D3-BF4B-00C04F79EFBC}") = "ChatApp.Data", "ChatApp.Data\ChatApp.Data.csproj", "{0F1C6D22-E1B9-4628-8530-6E8FB9878EFF}"
EndProject
Project("{FAE04EC0-301F-11D3-BF4B-00C04F79EFBC}") = "ChatClient", "ChatClient\ChatClient.csproj", "{564CEE13-BB24-4B5C-94DC-C451915AF433}"
EndProject
Project("{FAE04EC0-301F-11D3-BF4B-00C04F79EFBC}") = "ChatServer", "ChatServer\ChatServer.csproj", "{5C626ECD-EF6F-4736-831D-A1AD64A48E46}"
EndProject
Global
	GlobalSection(SolutionConfigurationPlatforms) = preSolution
		Debug|Any CPU = Debug|Any CPU
		Release|Any CPU = Release|Any CPU
	EndGlobalSection
	GlobalSection(ProjectConfigurationPlatforms) = postSolution
		{0F1C6D22-E1B9-4628-8530-6E8FB9878EFF}.Debug|Any CPU.ActiveCfg = Debug|Any CPU
		{0F1C6D22-E1B9-4628-8530-6E8FB9878EFF}.Debug|Any CPU.Build.0 = Debug|Any CPU
		{0F1C6D22-E1B9-4628-8530-6E8FB9878EFF}.Release|Any CPU.ActiveCfg = Release|Any CPU
		{0F1C6D22-E1B9-4628-8530-6E8FB9878EFF}.Release|Any CPU.Build.0 = Release|Any CPU
		{564CEE13-BB24-4B5C-94DC-C451915AF433}.Debug|Any CPU.ActiveCfg = Debug|Any CPU
		{564CEE13-BB24-4B5C-94DC-C451915AF433}.Debug|Any CPU.Build.0 = Debug|Any CPU
		{564CEE13-BB24-4B5C-94DC-C451915AF433}.Release|Any CPU.ActiveCfg = Release|Any CPU
		{564CEE13-BB24-4B5C-94DC-C451915AF433}.Release|Any CPU.Build.0 = Release|Any CPU
		{5C626ECD-EF6F-4736-831D-A1AD64A48E46}.Debug|Any CPU.ActiveCfg = Debug|Any CPU
		{5C626ECD-EF6F-4736-831D-A1AD64A48E46}.Debug|Any CPU.Build.0 = Debug|Any CPU
		{5C626ECD-EF6F-4736-831D-A1AD64A48E46}.Release|Any CPU.ActiveCfg = Release|Any CPU
		{5C626ECD-EF6F-4736-831D-A1AD64A48E46}.Release|Any CPU.Build.0 = Release|Any CPU
	EndGlobalSection
	GlobalSection(SolutionProperties) = preSolution
		HideSolutionNode = FALSE
	EndGlobalSection
	GlobalSection(ExtensibilityGlobals) = postSolution
		SolutionGuid = {01362918-673F-48B5-AC0C-248368F7D654}
	EndGlobalSection
EndGlobal
